// !$*UTF8*$!
{
	archiveVersion = 1;
	classes = {
	};
	objectVersion = 50;
	objects = {

/* Begin PBXBuildFile section */
		5567730F238C604B0021AEF4 /* FlagQuizz WatchKit App.app in Embed Watch Content */ = {isa = PBXBuildFile; fileRef = 5567730E238C604B0021AEF4 /* FlagQuizz WatchKit App.app */; settings = {ATTRIBUTES = (RemoveHeadersOnCopy, ); }; };
		55677315238C604B0021AEF4 /* Interface.storyboard in Resources */ = {isa = PBXBuildFile; fileRef = 55677313238C604B0021AEF4 /* Interface.storyboard */; };
		55677317238C604D0021AEF4 /* Assets.xcassets in Resources */ = {isa = PBXBuildFile; fileRef = 55677316238C604D0021AEF4 /* Assets.xcassets */; };
		5567731E238C604D0021AEF4 /* FlagQuizz WatchKit Extension.appex in Embed App Extensions */ = {isa = PBXBuildFile; fileRef = 5567731D238C604D0021AEF4 /* FlagQuizz WatchKit Extension.appex */; settings = {ATTRIBUTES = (RemoveHeadersOnCopy, ); }; };
		55677323238C604D0021AEF4 /* ContentView.swift in Sources */ = {isa = PBXBuildFile; fileRef = 55677322238C604D0021AEF4 /* ContentView.swift */; };
		55677325238C604D0021AEF4 /* HostingController.swift in Sources */ = {isa = PBXBuildFile; fileRef = 55677324238C604D0021AEF4 /* HostingController.swift */; };
		55677327238C604D0021AEF4 /* ExtensionDelegate.swift in Sources */ = {isa = PBXBuildFile; fileRef = 55677326238C604D0021AEF4 /* ExtensionDelegate.swift */; };
		55677329238C604E0021AEF4 /* Assets.xcassets in Resources */ = {isa = PBXBuildFile; fileRef = 55677328238C604E0021AEF4 /* Assets.xcassets */; };
		5567732C238C604E0021AEF4 /* Preview Assets.xcassets in Resources */ = {isa = PBXBuildFile; fileRef = 5567732B238C604E0021AEF4 /* Preview Assets.xcassets */; };
/* End PBXBuildFile section */

/* Begin PBXContainerItemProxy section */
		55677310238C604B0021AEF4 /* PBXContainerItemProxy */ = {
			isa = PBXContainerItemProxy;
			containerPortal = 55677304238C604A0021AEF4 /* Project object */;
			proxyType = 1;
			remoteGlobalIDString = 5567730D238C604B0021AEF4;
			remoteInfo = "FlagQuizz WatchKit App";
		};
		5567731F238C604D0021AEF4 /* PBXContainerItemProxy */ = {
			isa = PBXContainerItemProxy;
			containerPortal = 55677304238C604A0021AEF4 /* Project object */;
			proxyType = 1;
			remoteGlobalIDString = 5567731C238C604D0021AEF4;
			remoteInfo = "FlagQuizz WatchKit Extension";
		};
/* End PBXContainerItemProxy section */

/* Begin PBXCopyFilesBuildPhase section */
		55677333238C604E0021AEF4 /* Embed App Extensions */ = {
			isa = PBXCopyFilesBuildPhase;
			buildActionMask = 2147483647;
			dstPath = "";
			dstSubfolderSpec = 13;
			files = (
				5567731E238C604D0021AEF4 /* FlagQuizz WatchKit Extension.appex in Embed App Extensions */,
			);
			name = "Embed App Extensions";
			runOnlyForDeploymentPostprocessing = 0;
		};
		55677337238C604E0021AEF4 /* Embed Watch Content */ = {
			isa = PBXCopyFilesBuildPhase;
			buildActionMask = 2147483647;
			dstPath = "$(CONTENTS_FOLDER_PATH)/Watch";
			dstSubfolderSpec = 16;
			files = (
				5567730F238C604B0021AEF4 /* FlagQuizz WatchKit App.app in Embed Watch Content */,
			);
			name = "Embed Watch Content";
			runOnlyForDeploymentPostprocessing = 0;
		};
/* End PBXCopyFilesBuildPhase section */

/* Begin PBXFileReference section */
		5567730A238C604A0021AEF4 /* FlagQuizz.app */ = {isa = PBXFileReference; explicitFileType = wrapper.application; includeInIndex = 0; path = FlagQuizz.app; sourceTree = BUILT_PRODUCTS_DIR; };
		5567730E238C604B0021AEF4 /* FlagQuizz WatchKit App.app */ = {isa = PBXFileReference; explicitFileType = wrapper.application; includeInIndex = 0; path = "FlagQuizz WatchKit App.app"; sourceTree = BUILT_PRODUCTS_DIR; };
		55677314238C604B0021AEF4 /* Base */ = {isa = PBXFileReference; lastKnownFileType = file.storyboard; name = Base; path = Base.lproj/Interface.storyboard; sourceTree = "<group>"; };
		55677316238C604D0021AEF4 /* Assets.xcassets */ = {isa = PBXFileReference; lastKnownFileType = folder.assetcatalog; path = Assets.xcassets; sourceTree = "<group>"; };
		55677318238C604D0021AEF4 /* Info.plist */ = {isa = PBXFileReference; lastKnownFileType = text.plist.xml; path = Info.plist; sourceTree = "<group>"; };
		5567731D238C604D0021AEF4 /* FlagQuizz WatchKit Extension.appex */ = {isa = PBXFileReference; explicitFileType = "wrapper.app-extension"; includeInIndex = 0; path = "FlagQuizz WatchKit Extension.appex"; sourceTree = BUILT_PRODUCTS_DIR; };
		55677322238C604D0021AEF4 /* ContentView.swift */ = {isa = PBXFileReference; lastKnownFileType = sourcecode.swift; path = ContentView.swift; sourceTree = "<group>"; };
		55677324238C604D0021AEF4 /* HostingController.swift */ = {isa = PBXFileReference; lastKnownFileType = sourcecode.swift; path = HostingController.swift; sourceTree = "<group>"; };
		55677326238C604D0021AEF4 /* ExtensionDelegate.swift */ = {isa = PBXFileReference; lastKnownFileType = sourcecode.swift; path = ExtensionDelegate.swift; sourceTree = "<group>"; };
		55677328238C604E0021AEF4 /* Assets.xcassets */ = {isa = PBXFileReference; lastKnownFileType = folder.assetcatalog; path = Assets.xcassets; sourceTree = "<group>"; };
		5567732B238C604E0021AEF4 /* Preview Assets.xcassets */ = {isa = PBXFileReference; lastKnownFileType = folder.assetcatalog; path = "Preview Assets.xcassets"; sourceTree = "<group>"; };
		5567732D238C604E0021AEF4 /* Info.plist */ = {isa = PBXFileReference; lastKnownFileType = text.plist.xml; path = Info.plist; sourceTree = "<group>"; };
/* End PBXFileReference section */

/* Begin PBXFrameworksBuildPhase section */
		5567731A238C604D0021AEF4 /* Frameworks */ = {
			isa = PBXFrameworksBuildPhase;
			buildActionMask = 2147483647;
			files = (
			);
			runOnlyForDeploymentPostprocessing = 0;
		};
/* End PBXFrameworksBuildPhase section */

/* Begin PBXGroup section */
		55677303238C604A0021AEF4 = {
			isa = PBXGroup;
			children = (
				55677312238C604B0021AEF4 /* FlagQuizz WatchKit App */,
				55677321238C604D0021AEF4 /* FlagQuizz WatchKit Extension */,
				5567730B238C604A0021AEF4 /* Products */,
			);
			sourceTree = "<group>";
		};
		5567730B238C604A0021AEF4 /* Products */ = {
			isa = PBXGroup;
			children = (
				5567730A238C604A0021AEF4 /* FlagQuizz.app */,
				5567730E238C604B0021AEF4 /* FlagQuizz WatchKit App.app */,
				5567731D238C604D0021AEF4 /* FlagQuizz WatchKit Extension.appex */,
			);
			name = Products;
			sourceTree = "<group>";
		};
		55677312238C604B0021AEF4 /* FlagQuizz WatchKit App */ = {
			isa = PBXGroup;
			children = (
				55677313238C604B0021AEF4 /* Interface.storyboard */,
				55677316238C604D0021AEF4 /* Assets.xcassets */,
				55677318238C604D0021AEF4 /* Info.plist */,
			);
			path = "FlagQuizz WatchKit App";
			sourceTree = "<group>";
		};
		55677321238C604D0021AEF4 /* FlagQuizz WatchKit Extension */ = {
			isa = PBXGroup;
			children = (
				55677322238C604D0021AEF4 /* ContentView.swift */,
				55677324238C604D0021AEF4 /* HostingController.swift */,
				55677326238C604D0021AEF4 /* ExtensionDelegate.swift */,
				55677328238C604E0021AEF4 /* Assets.xcassets */,
				5567732D238C604E0021AEF4 /* Info.plist */,
				5567732A238C604E0021AEF4 /* Preview Content */,
			);
			path = "FlagQuizz WatchKit Extension";
			sourceTree = "<group>";
		};
		5567732A238C604E0021AEF4 /* Preview Content */ = {
			isa = PBXGroup;
			children = (
				5567732B238C604E0021AEF4 /* Preview Assets.xcassets */,
			);
			path = "Preview Content";
			sourceTree = "<group>";
		};
/* End PBXGroup section */

/* Begin PBXNativeTarget section */
		55677309238C604A0021AEF4 /* FlagQuizz */ = {
			isa = PBXNativeTarget;
			buildConfigurationList = 55677338238C604E0021AEF4 /* Build configuration list for PBXNativeTarget "FlagQuizz" */;
			buildPhases = (
				55677308238C604A0021AEF4 /* Resources */,
				55677337238C604E0021AEF4 /* Embed Watch Content */,
			);
			buildRules = (
			);
			dependencies = (
				55677311238C604B0021AEF4 /* PBXTargetDependency */,
			);
			name = FlagQuizz;
			productName = FlagQuizz;
			productReference = 5567730A238C604A0021AEF4 /* FlagQuizz.app */;
			productType = "com.apple.product-type.application.watchapp2-container";
		};
		5567730D238C604B0021AEF4 /* FlagQuizz WatchKit App */ = {
			isa = PBXNativeTarget;
			buildConfigurationList = 55677334238C604E0021AEF4 /* Build configuration list for PBXNativeTarget "FlagQuizz WatchKit App" */;
			buildPhases = (
				5567730C238C604B0021AEF4 /* Resources */,
				55677333238C604E0021AEF4 /* Embed App Extensions */,
			);
			buildRules = (
			);
			dependencies = (
				55677320238C604D0021AEF4 /* PBXTargetDependency */,
			);
			name = "FlagQuizz WatchKit App";
			productName = "FlagQuizz WatchKit App";
			productReference = 5567730E238C604B0021AEF4 /* FlagQuizz WatchKit App.app */;
			productType = "com.apple.product-type.application.watchapp2";
		};
		5567731C238C604D0021AEF4 /* FlagQuizz WatchKit Extension */ = {
			isa = PBXNativeTarget;
			buildConfigurationList = 55677330238C604E0021AEF4 /* Build configuration list for PBXNativeTarget "FlagQuizz WatchKit Extension" */;
			buildPhases = (
				55677319238C604D0021AEF4 /* Sources */,
				5567731A238C604D0021AEF4 /* Frameworks */,
				5567731B238C604D0021AEF4 /* Resources */,
			);
			buildRules = (
			);
			dependencies = (
			);
			name = "FlagQuizz WatchKit Extension";
			productName = "FlagQuizz WatchKit Extension";
			productReference = 5567731D238C604D0021AEF4 /* FlagQuizz WatchKit Extension.appex */;
			productType = "com.apple.product-type.watchkit2-extension";
		};
/* End PBXNativeTarget section */

/* Begin PBXProject section */
		55677304238C604A0021AEF4 /* Project object */ = {
			isa = PBXProject;
			attributes = {
				LastSwiftUpdateCheck = 1120;
				LastUpgradeCheck = 1120;
				ORGANIZATIONNAME = "Remi Herbiet";
				TargetAttributes = {
					55677309238C604A0021AEF4 = {
						CreatedOnToolsVersion = 11.2.1;
					};
					5567730D238C604B0021AEF4 = {
						CreatedOnToolsVersion = 11.2.1;
					};
					5567731C238C604D0021AEF4 = {
						CreatedOnToolsVersion = 11.2.1;
					};
				};
			};
			buildConfigurationList = 55677307238C604A0021AEF4 /* Build configuration list for PBXProject "FlagQuizz" */;
			compatibilityVersion = "Xcode 9.3";
			developmentRegion = en;
			hasScannedForEncodings = 0;
			knownRegions = (
				en,
				Base,
			);
			mainGroup = 55677303238C604A0021AEF4;
			productRefGroup = 5567730B238C604A0021AEF4 /* Products */;
			projectDirPath = "";
			projectRoot = "";
			targets = (
				55677309238C604A0021AEF4 /* FlagQuizz */,
				5567730D238C604B0021AEF4 /* FlagQuizz WatchKit App */,
				5567731C238C604D0021AEF4 /* FlagQuizz WatchKit Extension */,
			);
		};
/* End PBXProject section */

/* Begin PBXResourcesBuildPhase section */
		55677308238C604A0021AEF4 /* Resources */ = {
			isa = PBXResourcesBuildPhase;
			buildActionMask = 2147483647;
			files = (
			);
			runOnlyForDeploymentPostprocessing = 0;
		};
		5567730C238C604B0021AEF4 /* Resources */ = {
			isa = PBXResourcesBuildPhase;
			buildActionMask = 2147483647;
			files = (
				55677317238C604D0021AEF4 /* Assets.xcassets in Resources */,
				55677315238C604B0021AEF4 /* Interface.storyboard in Resources */,
			);
			runOnlyForDeploymentPostprocessing = 0;
		};
		5567731B238C604D0021AEF4 /* Resources */ = {
			isa = PBXResourcesBuildPhase;
			buildActionMask = 2147483647;
			files = (
				5567732C238C604E0021AEF4 /* Preview Assets.xcassets in Resources */,
				55677329238C604E0021AEF4 /* Assets.xcassets in Resources */,
			);
			runOnlyForDeploymentPostprocessing = 0;
		};
/* End PBXResourcesBuildPhase section */

/* Begin PBXSourcesBuildPhase section */
		55677319238C604D0021AEF4 /* Sources */ = {
			isa = PBXSourcesBuildPhase;
			buildActionMask = 2147483647;
			files = (
				55677325238C604D0021AEF4 /* HostingController.swift in Sources */,
				55677323238C604D0021AEF4 /* ContentView.swift in Sources */,
				55677327238C604D0021AEF4 /* ExtensionDelegate.swift in Sources */,
			);
			runOnlyForDeploymentPostprocessing = 0;
		};
/* End PBXSourcesBuildPhase section */

/* Begin PBXTargetDependency section */
		55677311238C604B0021AEF4 /* PBXTargetDependency */ = {
			isa = PBXTargetDependency;
			target = 5567730D238C604B0021AEF4 /* FlagQuizz WatchKit App */;
			targetProxy = 55677310238C604B0021AEF4 /* PBXContainerItemProxy */;
		};
		55677320238C604D0021AEF4 /* PBXTargetDependency */ = {
			isa = PBXTargetDependency;
			target = 5567731C238C604D0021AEF4 /* FlagQuizz WatchKit Extension */;
			targetProxy = 5567731F238C604D0021AEF4 /* PBXContainerItemProxy */;
		};
/* End PBXTargetDependency section */

/* Begin PBXVariantGroup section */
		55677313238C604B0021AEF4 /* Interface.storyboard */ = {
			isa = PBXVariantGroup;
			children = (
				55677314238C604B0021AEF4 /* Base */,
			);
			name = Interface.storyboard;
			sourceTree = "<group>";
		};
/* End PBXVariantGroup section */

/* Begin XCBuildConfiguration section */
		5567732E238C604E0021AEF4 /* Debug */ = {
			isa = XCBuildConfiguration;
			buildSettings = {
				ALWAYS_SEARCH_USER_PATHS = NO;
				CLANG_ANALYZER_NONNULL = YES;
				CLANG_ANALYZER_NUMBER_OBJECT_CONVERSION = YES_AGGRESSIVE;
				CLANG_CXX_LANGUAGE_STANDARD = "gnu++14";
				CLANG_CXX_LIBRARY = "libc++";
				CLANG_ENABLE_MODULES = YES;
				CLANG_ENABLE_OBJC_ARC = YES;
				CLANG_ENABLE_OBJC_WEAK = YES;
				CLANG_WARN_BLOCK_CAPTURE_AUTORELEASING = YES;
				CLANG_WARN_BOOL_CONVERSION = YES;
				CLANG_WARN_COMMA = YES;
				CLANG_WARN_CONSTANT_CONVERSION = YES;
				CLANG_WARN_DEPRECATED_OBJC_IMPLEMENTATIONS = YES;
				CLANG_WARN_DIRECT_OBJC_ISA_USAGE = YES_ERROR;
				CLANG_WARN_DOCUMENTATION_COMMENTS = YES;
				CLANG_WARN_EMPTY_BODY = YES;
				CLANG_WARN_ENUM_CONVERSION = YES;
				CLANG_WARN_INFINITE_RECURSION = YES;
				CLANG_WARN_INT_CONVERSION = YES;
				CLANG_WARN_NON_LITERAL_NULL_CONVERSION = YES;
				CLANG_WARN_OBJC_IMPLICIT_RETAIN_SELF = YES;
				CLANG_WARN_OBJC_LITERAL_CONVERSION = YES;
				CLANG_WARN_OBJC_ROOT_CLASS = YES_ERROR;
				CLANG_WARN_RANGE_LOOP_ANALYSIS = YES;
				CLANG_WARN_STRICT_PROTOTYPES = YES;
				CLANG_WARN_SUSPICIOUS_MOVE = YES;
				CLANG_WARN_UNGUARDED_AVAILABILITY = YES_AGGRESSIVE;
				CLANG_WARN_UNREACHABLE_CODE = YES;
				CLANG_WARN__DUPLICATE_METHOD_MATCH = YES;
				COPY_PHASE_STRIP = NO;
				DEBUG_INFORMATION_FORMAT = dwarf;
				ENABLE_STRICT_OBJC_MSGSEND = YES;
				ENABLE_TESTABILITY = YES;
				GCC_C_LANGUAGE_STANDARD = gnu11;
				GCC_DYNAMIC_NO_PIC = NO;
				GCC_NO_COMMON_BLOCKS = YES;
				GCC_OPTIMIZATION_LEVEL = 0;
				GCC_PREPROCESSOR_DEFINITIONS = (
					"DEBUG=1",
					"$(inherited)",
				);
				GCC_WARN_64_TO_32_BIT_CONVERSION = YES;
				GCC_WARN_ABOUT_RETURN_TYPE = YES_ERROR;
				GCC_WARN_UNDECLARED_SELECTOR = YES;
				GCC_WARN_UNINITIALIZED_AUTOS = YES_AGGRESSIVE;
				GCC_WARN_UNUSED_FUNCTION = YES;
				GCC_WARN_UNUSED_VARIABLE = YES;
				MTL_ENABLE_DEBUG_INFO = INCLUDE_SOURCE;
				MTL_FAST_MATH = YES;
				ONLY_ACTIVE_ARCH = YES;
				SDKROOT = iphoneos;
				SWIFT_ACTIVE_COMPILATION_CONDITIONS = DEBUG;
				SWIFT_OPTIMIZATION_LEVEL = "-Onone";
			};
			name = Debug;
		};
		5567732F238C604E0021AEF4 /* Release */ = {
			isa = XCBuildConfiguration;
			buildSettings = {
				ALWAYS_SEARCH_USER_PATHS = NO;
				CLANG_ANALYZER_NONNULL = YES;
				CLANG_ANALYZER_NUMBER_OBJECT_CONVERSION = YES_AGGRESSIVE;
				CLANG_CXX_LANGUAGE_STANDARD = "gnu++14";
				CLANG_CXX_LIBRARY = "libc++";
				CLANG_ENABLE_MODULES = YES;
				CLANG_ENABLE_OBJC_ARC = YES;
				CLANG_ENABLE_OBJC_WEAK = YES;
				CLANG_WARN_BLOCK_CAPTURE_AUTORELEASING = YES;
				CLANG_WARN_BOOL_CONVERSION = YES;
				CLANG_WARN_COMMA = YES;
				CLANG_WARN_CONSTANT_CONVERSION = YES;
				CLANG_WARN_DEPRECATED_OBJC_IMPLEMENTATIONS = YES;
				CLANG_WARN_DIRECT_OBJC_ISA_USAGE = YES_ERROR;
				CLANG_WARN_DOCUMENTATION_COMMENTS = YES;
				CLANG_WARN_EMPTY_BODY = YES;
				CLANG_WARN_ENUM_CONVERSION = YES;
				CLANG_WARN_INFINITE_RECURSION = YES;
				CLANG_WARN_INT_CONVERSION = YES;
				CLANG_WARN_NON_LITERAL_NULL_CONVERSION = YES;
				CLANG_WARN_OBJC_IMPLICIT_RETAIN_SELF = YES;
				CLANG_WARN_OBJC_LITERAL_CONVERSION = YES;
				CLANG_WARN_OBJC_ROOT_CLASS = YES_ERROR;
				CLANG_WARN_RANGE_LOOP_ANALYSIS = YES;
				CLANG_WARN_STRICT_PROTOTYPES = YES;
				CLANG_WARN_SUSPICIOUS_MOVE = YES;
				CLANG_WARN_UNGUARDED_AVAILABILITY = YES_AGGRESSIVE;
				CLANG_WARN_UNREACHABLE_CODE = YES;
				CLANG_WARN__DUPLICATE_METHOD_MATCH = YES;
				COPY_PHASE_STRIP = NO;
				DEBUG_INFORMATION_FORMAT = "dwarf-with-dsym";
				ENABLE_NS_ASSERTIONS = NO;
				ENABLE_STRICT_OBJC_MSGSEND = YES;
				GCC_C_LANGUAGE_STANDARD = gnu11;
				GCC_NO_COMMON_BLOCKS = YES;
				GCC_WARN_64_TO_32_BIT_CONVERSION = YES;
				GCC_WARN_ABOUT_RETURN_TYPE = YES_ERROR;
				GCC_WARN_UNDECLARED_SELECTOR = YES;
				GCC_WARN_UNINITIALIZED_AUTOS = YES_AGGRESSIVE;
				GCC_WARN_UNUSED_FUNCTION = YES;
				GCC_WARN_UNUSED_VARIABLE = YES;
				MTL_ENABLE_DEBUG_INFO = NO;
				MTL_FAST_MATH = YES;
				SDKROOT = iphoneos;
				SWIFT_COMPILATION_MODE = wholemodule;
				SWIFT_OPTIMIZATION_LEVEL = "-O";
				VALIDATE_PRODUCT = YES;
			};
			name = Release;
		};
		55677331238C604E0021AEF4 /* Debug */ = {
			isa = XCBuildConfiguration;
			buildSettings = {
				ASSETCATALOG_COMPILER_COMPLICATION_NAME = Complication;
				CODE_SIGN_STYLE = Automatic;
				DEVELOPMENT_ASSET_PATHS = "\"FlagQuizz WatchKit Extension/Preview Content\"";
				DEVELOPMENT_TEAM = NDZY5YDWF3;
				ENABLE_PREVIEWS = YES;
				INFOPLIST_FILE = "FlagQuizz WatchKit Extension/Info.plist";
				LD_RUNPATH_SEARCH_PATHS = (
					"$(inherited)",
					"@executable_path/Frameworks",
					"@executable_path/../../Frameworks",
				);
				PRODUCT_BUNDLE_IDENTIFIER = com.iosdevremi.FlagQuizz.watchkitapp.watchkitextension;
				PRODUCT_NAME = "${TARGET_NAME}";
				SDKROOT = watchos;
				SKIP_INSTALL = YES;
				SWIFT_VERSION = 5.0;
				TARGETED_DEVICE_FAMILY = 4;
				WATCHOS_DEPLOYMENT_TARGET = 6.1;
			};
			name = Debug;
		};
		55677332238C604E0021AEF4 /* Release */ = {
			isa = XCBuildConfiguration;
			buildSettings = {
				ASSETCATALOG_COMPILER_COMPLICATION_NAME = Complication;
				CODE_SIGN_STYLE = Automatic;
				DEVELOPMENT_ASSET_PATHS = "\"FlagQuizz WatchKit Extension/Preview Content\"";
				DEVELOPMENT_TEAM = NDZY5YDWF3;
				ENABLE_PREVIEWS = YES;
				INFOPLIST_FILE = "FlagQuizz WatchKit Extension/Info.plist";
				LD_RUNPATH_SEARCH_PATHS = (
					"$(inherited)",
					"@executable_path/Frameworks",
					"@executable_path/../../Frameworks",
				);
				PRODUCT_BUNDLE_IDENTIFIER = com.iosdevremi.FlagQuizz.watchkitapp.watchkitextension;
				PRODUCT_NAME = "${TARGET_NAME}";
				SDKROOT = watchos;
				SKIP_INSTALL = YES;
				SWIFT_VERSION = 5.0;
				TARGETED_DEVICE_FAMILY = 4;
				WATCHOS_DEPLOYMENT_TARGET = 6.1;
			};
			name = Release;
		};
		55677335238C604E0021AEF4 /* Debug */ = {
			isa = XCBuildConfiguration;
			buildSettings = {
				ALWAYS_EMBED_SWIFT_STANDARD_LIBRARIES = YES;
				ASSETCATALOG_COMPILER_APPICON_NAME = AppIcon;
				CODE_SIGN_STYLE = Automatic;
				DEVELOPMENT_TEAM = NDZY5YDWF3;
				IBSC_MODULE = FlagQuizz_WatchKit_Extension;
				INFOPLIST_FILE = "FlagQuizz WatchKit App/Info.plist";
				PRODUCT_BUNDLE_IDENTIFIER = com.iosdevremi.FlagQuizz.watchkitapp;
				PRODUCT_NAME = "$(TARGET_NAME)";
				SDKROOT = watchos;
				SKIP_INSTALL = YES;
				SWIFT_VERSION = 5.0;
				TARGETED_DEVICE_FAMILY = 4;
				WATCHOS_DEPLOYMENT_TARGET = 6.1;
			};
			name = Debug;
		};
		55677336238C604E0021AEF4 /* Release */ = {
			isa = XCBuildConfiguration;
			buildSettings = {
				ALWAYS_EMBED_SWIFT_STANDARD_LIBRARIES = YES;
				ASSETCATALOG_COMPILER_APPICON_NAME = AppIcon;
				CODE_SIGN_STYLE = Automatic;
				DEVELOPMENT_TEAM = NDZY5YDWF3;
				IBSC_MODULE = FlagQuizz_WatchKit_Extension;
				INFOPLIST_FILE = "FlagQuizz WatchKit App/Info.plist";
				PRODUCT_BUNDLE_IDENTIFIER = com.iosdevremi.FlagQuizz.watchkitapp;
				PRODUCT_NAME = "$(TARGET_NAME)";
				SDKROOT = watchos;
				SKIP_INSTALL = YES;
				SWIFT_VERSION = 5.0;
				TARGETED_DEVICE_FAMILY = 4;
				WATCHOS_DEPLOYMENT_TARGET = 6.1;
			};
			name = Release;
		};
		55677339238C604E0021AEF4 /* Debug */ = {
			isa = XCBuildConfiguration;
			buildSettings = {
				CODE_SIGN_STYLE = Automatic;
				CURRENT_PROJECT_VERSION = 1;
				DEVELOPMENT_TEAM = NDZY5YDWF3;
				MARKETING_VERSION = 1.0;
				PRODUCT_BUNDLE_IDENTIFIER = com.iosdevremi.FlagQuizz;
				PRODUCT_NAME = "$(TARGET_NAME)";
				SWIFT_VERSION = 5.0;
			};
			name = Debug;
		};
		5567733A238C604E0021AEF4 /* Release */ = {
			isa = XCBuildConfiguration;
			buildSettings = {
				CODE_SIGN_STYLE = Automatic;
				CURRENT_PROJECT_VERSION = 1;
				DEVELOPMENT_TEAM = NDZY5YDWF3;
				MARKETING_VERSION = 1.0;
				PRODUCT_BUNDLE_IDENTIFIER = com.iosdevremi.FlagQuizz;
				PRODUCT_NAME = "$(TARGET_NAME)";
				SWIFT_VERSION = 5.0;
			};
			name = Release;
		};
/* End XCBuildConfiguration section */

/* Begin XCConfigurationList section */
		55677307238C604A0021AEF4 /* Build configuration list for PBXProject "FlagQuizz" */ = {
			isa = XCConfigurationList;
			buildConfigurations = (
				5567732E238C604E0021AEF4 /* Debug */,
				5567732F238C604E0021AEF4 /* Release */,
			);
			defaultConfigurationIsVisible = 0;
			defaultConfigurationName = Release;
		};
		55677330238C604E0021AEF4 /* Build configuration list for PBXNativeTarget "FlagQuizz WatchKit Extension" */ = {
			isa = XCConfigurationList;
			buildConfigurations = (
				55677331238C604E0021AEF4 /* Debug */,
				55677332238C604E0021AEF4 /* Release */,
			);
			defaultConfigurationIsVisible = 0;
			defaultConfigurationName = Release;
		};
		55677334238C604E0021AEF4 /* Build configuration list for PBXNativeTarget "FlagQuizz WatchKit App" */ = {
			isa = XCConfigurationList;
			buildConfigurations = (
				55677335238C604E0021AEF4 /* Debug */,
				55677336238C604E0021AEF4 /* Release */,
			);
			defaultConfigurationIsVisible = 0;
			defaultConfigurationName = Release;
		};
		55677338238C604E0021AEF4 /* Build configuration list for PBXNativeTarget "FlagQuizz" */ = {
			isa = XCConfigurationList;
			buildConfigurations = (
				55677339238C604E0021AEF4 /* Debug */,
				5567733A238C604E0021AEF4 /* Release */,
			);
			defaultConfigurationIsVisible = 0;
			defaultConfigurationName = Release;
		};
/* End XCConfigurationList section */
	};
	rootObject = 55677304238C604A0021AEF4 /* Project object */;
}
